
Microsoft Visual Studio Solution File, Format Version 12.00
Project("{FAE04EC0-301F-11D3-BF4B-00C04F79EFBC}") = "EnergyIqCkModel", "src\EnergyIqCkModel\EnergyIqCkModel.csproj", "{7596B3B9-83DC-464D-BF48-89586FC27CBF}"
EndProject
Project("{2150E333-8FDC-42A3-9474-1A3956D46DE8}") = "src", "src", "{827E0CD3-B72D-47B6-A68D-7590B98EB39B}"
EndProject
Project("{FAE04EC0-301F-11D3-BF4B-00C04F79EFBC}") = "EnergyIqHaystackExport", "src\EnergyIqHaystackExport\EnergyIqHaystackExport.csproj", "{673151F2-47DF-4C2E-89E1-6A8274D89045}"
EndProject
Global
	GlobalSection(SolutionConfigurationPlatforms) = preSolution
		Debug|Any CPU = Debug|Any CPU
		Debug|x64 = Debug|x64
		Debug|x86 = Debug|x86
		Release|Any CPU = Release|Any CPU
		Release|x64 = Release|x64
		Release|x86 = Release|x86
		DebugL|Any CPU = DebugL|Any CPU
		DebugL|x64 = DebugL|x64
		DebugL|x86 = DebugL|x86
	EndGlobalSection
	GlobalSection(ProjectConfigurationPlatforms) = postSolution
		{7596B3B9-83DC-464D-BF48-89586FC27CBF}.Debug|Any CPU.ActiveCfg = Debug|Any CPU
		{7596B3B9-83DC-464D-BF48-89586FC27CBF}.Debug|Any CPU.Build.0 = Debug|Any CPU
		{7596B3B9-83DC-464D-BF48-89586FC27CBF}.Debug|x64.ActiveCfg = Debug|Any CPU
		{7596B3B9-83DC-464D-BF48-89586FC27CBF}.Debug|x64.Build.0 = Debug|Any CPU
		{7596B3B9-83DC-464D-BF48-89586FC27CBF}.Debug|x86.ActiveCfg = Debug|Any CPU
		{7596B3B9-83DC-464D-BF48-89586FC27CBF}.Debug|x86.Build.0 = Debug|Any CPU
		{7596B3B9-83DC-464D-BF48-89586FC27CBF}.Release|Any CPU.ActiveCfg = Release|Any CPU
		{7596B3B9-83DC-464D-BF48-89586FC27CBF}.Release|Any CPU.Build.0 = Release|Any CPU
		{7596B3B9-83DC-464D-BF48-89586FC27CBF}.Release|x64.ActiveCfg = Release|Any CPU
		{7596B3B9-83DC-464D-BF48-89586FC27CBF}.Release|x64.Build.0 = Release|Any CPU
		{7596B3B9-83DC-464D-BF48-89586FC27CBF}.Release|x86.ActiveCfg = Release|Any CPU
		{7596B3B9-83DC-464D-BF48-89586FC27CBF}.Release|x86.Build.0 = Release|Any CPU
		{7596B3B9-83DC-464D-BF48-89586FC27CBF}.DebugL|Any CPU.ActiveCfg = DebugL|Any CPU
		{7596B3B9-83DC-464D-BF48-89586FC27CBF}.DebugL|Any CPU.Build.0 = DebugL|Any CPU
		{7596B3B9-83DC-464D-BF48-89586FC27CBF}.DebugL|x64.ActiveCfg = DebugL|Any CPU
		{7596B3B9-83DC-464D-BF48-89586FC27CBF}.DebugL|x64.Build.0 = DebugL|Any CPU
		{7596B3B9-83DC-464D-BF48-89586FC27CBF}.DebugL|x86.ActiveCfg = DebugL|Any CPU
		{7596B3B9-83DC-464D-BF48-89586FC27CBF}.DebugL|x86.Build.0 = DebugL|Any CPU
		{673151F2-47DF-4C2E-89E1-6A8274D89045}.Debug|Any CPU.ActiveCfg = Debug|Any CPU
		{673151F2-47DF-4C2E-89E1-6A8274D89045}.Debug|Any CPU.Build.0 = Debug|Any CPU
		{673151F2-47DF-4C2E-89E1-6A8274D89045}.Debug|x64.ActiveCfg = Debug|Any CPU
		{673151F2-47DF-4C2E-89E1-6A8274D89045}.Debug|x64.Build.0 = Debug|Any CPU
		{673151F2-47DF-4C2E-89E1-6A8274D89045}.Debug|x86.ActiveCfg = Debug|Any CPU
		{673151F2-47DF-4C2E-89E1-6A8274D89045}.Debug|x86.Build.0 = Debug|Any CPU
		{673151F2-47DF-4C2E-89E1-6A8274D89045}.Release|Any CPU.ActiveCfg = Release|Any CPU
		{673151F2-47DF-4C2E-89E1-6A8274D89045}.Release|Any CPU.Build.0 = Release|Any CPU
		{673151F2-47DF-4C2E-89E1-6A8274D89045}.Release|x64.ActiveCfg = Release|Any CPU
		{673151F2-47DF-4C2E-89E1-6A8274D89045}.Release|x64.Build.0 = Release|Any CPU
		{673151F2-47DF-4C2E-89E1-6A8274D89045}.Release|x86.ActiveCfg = Release|Any CPU
		{673151F2-47DF-4C2E-89E1-6A8274D89045}.Release|x86.Build.0 = Release|Any CPU
		{673151F2-47DF-4C2E-89E1-6A8274D89045}.DebugL|Any CPU.ActiveCfg = DebugL|Any CPU
		{673151F2-47DF-4C2E-89E1-6A8274D89045}.DebugL|Any CPU.Build.0 = DebugL|Any CPU
		{673151F2-47DF-4C2E-89E1-6A8274D89045}.DebugL|x64.ActiveCfg = DebugL|Any CPU
		{673151F2-47DF-4C2E-89E1-6A8274D89045}.DebugL|x64.Build.0 = DebugL|Any CPU
		{673151F2-47DF-4C2E-89E1-6A8274D89045}.DebugL|x86.ActiveCfg = DebugL|Any CPU
		{673151F2-47DF-4C2E-89E1-6A8274D89045}.DebugL|x86.Build.0 = DebugL|Any CPU
	EndGlobalSection
	GlobalSection(SolutionProperties) = preSolution
		HideSolutionNode = FALSE
	EndGlobalSection
	GlobalSection(NestedProjects) = preSolution
		{673151F2-47DF-4C2E-89E1-6A8274D89045} = {827E0CD3-B72D-47B6-A68D-7590B98EB39B}
	EndGlobalSection
EndGlobal
